
Microsoft Visual Studio Solution File, Format Version 12.00
# Visual Studio Version 17
VisualStudioVersion = 17.4.33213.308
MinimumVisualStudioVersion = 10.0.40219.1
Project("{FAE04EC0-301F-11D3-BF4B-00C04F79EFBC}") = "PROG6212POE", "PROG6212POE.csproj", "{CEBEA9DB-43D4-4E4B-B77C-2E831FAF0DDE}"
EndProject
Global
	GlobalSection(SolutionConfigurationPlatforms) = preSolution
		Debug|Any CPU = Debug|Any CPU
		Release|Any CPU = Release|Any CPU
	EndGlobalSection
	GlobalSection(ProjectConfigurationPlatforms) = postSolution
		{CEBEA9DB-43D4-4E4B-B77C-2E831FAF0DDE}.Debug|Any CPU.ActiveCfg = Debug|Any CPU
		{CEBEA9DB-43D4-4E4B-B77C-2E831FAF0DDE}.Debug|Any CPU.Build.0 = Debug|Any CPU
		{CEBEA9DB-43D4-4E4B-B77C-2E831FAF0DDE}.Release|Any CPU.ActiveCfg = Release|Any CPU
		{CEBEA9DB-43D4-4E4B-B77C-2E831FAF0DDE}.Release|Any CPU.Build.0 = Release|Any CPU
	EndGlobalSection
	GlobalSection(SolutionProperties) = preSolution
		HideSolutionNode = FALSE
	EndGlobalSection
	GlobalSection(ExtensibilityGlobals) = postSolution
		SolutionGuid = {2E281DCB-C91D-4D90-B9C5-5F723870D01A}
	EndGlobalSection
EndGlobal
